
Microsoft Visual Studio Solution File, Format Version 12.00
# Visual Studio Version 17
VisualStudioVersion = 17.11.35005.142
MinimumVisualStudioVersion = 10.0.40219.1
Project("{FAE04EC0-301F-11D3-BF4B-00C04F79EFBC}") = "Auvo", "Auvo.csproj", "{EC6C8091-90C3-494B-BC3E-9F8B63263671}"
EndProject
Global
	GlobalSection(SolutionConfigurationPlatforms) = preSolution
		Debug|Any CPU = Debug|Any CPU
		Release|Any CPU = Release|Any CPU
	EndGlobalSection
	GlobalSection(ProjectConfigurationPlatforms) = postSolution
		{EC6C8091-90C3-494B-BC3E-9F8B63263671}.Debug|Any CPU.ActiveCfg = Debug|Any CPU
		{EC6C8091-90C3-494B-BC3E-9F8B63263671}.Debug|Any CPU.Build.0 = Debug|Any CPU
		{EC6C8091-90C3-494B-BC3E-9F8B63263671}.Release|Any CPU.ActiveCfg = Release|Any CPU
		{EC6C8091-90C3-494B-BC3E-9F8B63263671}.Release|Any CPU.Build.0 = Release|Any CPU
	EndGlobalSection
	GlobalSection(SolutionProperties) = preSolution
		HideSolutionNode = FALSE
	EndGlobalSection
	GlobalSection(ExtensibilityGlobals) = postSolution
		SolutionGuid = {12C8D2A2-954E-44DE-A198-BE2097E26D59}
	EndGlobalSection
EndGlobal
